
Microsoft Visual Studio Solution File, Format Version 12.00
# Visual Studio Version 17
VisualStudioVersion = 17.0.32014.148
MinimumVisualStudioVersion = 10.0.40219.1
Project("{FAE04EC0-301F-11D3-BF4B-00C04F79EFBC}") = "TextEditor.FrontEnd", "TextEditor.FrontEnd\TextEditor.FrontEnd.csproj", "{F13217E8-3D97-4448-AAA6-538CBA47C60B}"
	ProjectSection(ProjectDependencies) = postProject
		{91D8D039-3A56-45A9-B554-1D3233E040A5} = {91D8D039-3A56-45A9-B554-1D3233E040A5}
		{65277547-C665-4C91-AF99-DF6A58A9C967} = {65277547-C665-4C91-AF99-DF6A58A9C967}
		{779B4D8C-F989-41AD-880D-7B1500F36368} = {779B4D8C-F989-41AD-880D-7B1500F36368}
		{9AD1EEEC-F5E4-4D59-AB4D-303E09DC59EC} = {9AD1EEEC-F5E4-4D59-AB4D-303E09DC59EC}
	EndProjectSection
EndProject
Project("{FAE04EC0-301F-11D3-BF4B-00C04F79EFBC}") = "BackEnd.File", "BackEnd.File\BackEnd.File.csproj", "{65277547-C665-4C91-AF99-DF6A58A9C967}"
EndProject
Project("{FAE04EC0-301F-11D3-BF4B-00C04F79EFBC}") = "BackEnd.Text", "BackEnd.Text\BackEnd.Text.csproj", "{9AD1EEEC-F5E4-4D59-AB4D-303E09DC59EC}"
EndProject
Project("{FAE04EC0-301F-11D3-BF4B-00C04F79EFBC}") = "BackEnd.Images", "BackEnd.Images\BackEnd.Images.csproj", "{91D8D039-3A56-45A9-B554-1D3233E040A5}"
EndProject
Project("{FAE04EC0-301F-11D3-BF4B-00C04F79EFBC}") = "BackEnd.Styles", "BackEnd.Styles\BackEnd.Styles.csproj", "{779B4D8C-F989-41AD-880D-7B1500F36368}"
EndProject
Global
	GlobalSection(SolutionConfigurationPlatforms) = preSolution
		Debug|Any CPU = Debug|Any CPU
		Release|Any CPU = Release|Any CPU
	EndGlobalSection
	GlobalSection(ProjectConfigurationPlatforms) = postSolution
		{F13217E8-3D97-4448-AAA6-538CBA47C60B}.Debug|Any CPU.ActiveCfg = Debug|Any CPU
		{F13217E8-3D97-4448-AAA6-538CBA47C60B}.Debug|Any CPU.Build.0 = Debug|Any CPU
		{F13217E8-3D97-4448-AAA6-538CBA47C60B}.Release|Any CPU.ActiveCfg = Release|Any CPU
		{F13217E8-3D97-4448-AAA6-538CBA47C60B}.Release|Any CPU.Build.0 = Release|Any CPU
		{65277547-C665-4C91-AF99-DF6A58A9C967}.Debug|Any CPU.ActiveCfg = Debug|Any CPU
		{65277547-C665-4C91-AF99-DF6A58A9C967}.Debug|Any CPU.Build.0 = Debug|Any CPU
		{65277547-C665-4C91-AF99-DF6A58A9C967}.Release|Any CPU.ActiveCfg = Release|Any CPU
		{65277547-C665-4C91-AF99-DF6A58A9C967}.Release|Any CPU.Build.0 = Release|Any CPU
		{9AD1EEEC-F5E4-4D59-AB4D-303E09DC59EC}.Debug|Any CPU.ActiveCfg = Debug|Any CPU
		{9AD1EEEC-F5E4-4D59-AB4D-303E09DC59EC}.Debug|Any CPU.Build.0 = Debug|Any CPU
		{9AD1EEEC-F5E4-4D59-AB4D-303E09DC59EC}.Release|Any CPU.ActiveCfg = Release|Any CPU
		{9AD1EEEC-F5E4-4D59-AB4D-303E09DC59EC}.Release|Any CPU.Build.0 = Release|Any CPU
		{91D8D039-3A56-45A9-B554-1D3233E040A5}.Debug|Any CPU.ActiveCfg = Debug|Any CPU
		{91D8D039-3A56-45A9-B554-1D3233E040A5}.Debug|Any CPU.Build.0 = Debug|Any CPU
		{91D8D039-3A56-45A9-B554-1D3233E040A5}.Release|Any CPU.ActiveCfg = Release|Any CPU
		{91D8D039-3A56-45A9-B554-1D3233E040A5}.Release|Any CPU.Build.0 = Release|Any CPU
		{779B4D8C-F989-41AD-880D-7B1500F36368}.Debug|Any CPU.ActiveCfg = Debug|Any CPU
		{779B4D8C-F989-41AD-880D-7B1500F36368}.Debug|Any CPU.Build.0 = Debug|Any CPU
		{779B4D8C-F989-41AD-880D-7B1500F36368}.Release|Any CPU.ActiveCfg = Release|Any CPU
		{779B4D8C-F989-41AD-880D-7B1500F36368}.Release|Any CPU.Build.0 = Release|Any CPU
	EndGlobalSection
	GlobalSection(SolutionProperties) = preSolution
		HideSolutionNode = FALSE
	EndGlobalSection
	GlobalSection(ExtensibilityGlobals) = postSolution
		SolutionGuid = {9AED5EF9-03BD-41E5-AE5F-668AF8E9F0DD}
	EndGlobalSection
EndGlobal
